Microsoft Visual Studio Solution File, Format Version 12.00
# Visual Studio Version 17
VisualStudioVersion = 17.5.2.0
MinimumVisualStudioVersion = 10.0.40219.1
Project("{FAE04EC0-301F-11D3-BF4B-00C04F79EFBC}") = "greyMatter", "greyMatter\greyMatter.csproj", "{5AEA7501-3C19-B025-7AA2-8094790CF333}"
EndProject
Global
	GlobalSection(SolutionConfigurationPlatforms) = preSolution
		Debug|Any CPU = Debug|Any CPU
		Release|Any CPU = Release|Any CPU
	EndGlobalSection
	GlobalSection(ProjectConfigurationPlatforms) = postSolution
		{5AEA7501-3C19-B025-7AA2-8094790CF333}.Debug|Any CPU.ActiveCfg = Debug|Any CPU
		{5AEA7501-3C19-B025-7AA2-8094790CF333}.Debug|Any CPU.Build.0 = Debug|Any CPU
		{5AEA7501-3C19-B025-7AA2-8094790CF333}.Release|Any CPU.ActiveCfg = Release|Any CPU
		{5AEA7501-3C19-B025-7AA2-8094790CF333}.Release|Any CPU.Build.0 = Release|Any CPU
	EndGlobalSection
	GlobalSection(SolutionProperties) = preSolution
		HideSolutionNode = FALSE
	EndGlobalSection
	GlobalSection(ExtensibilityGlobals) = postSolution
		SolutionGuid = {B859CE8B-1E3A-475E-B584-D81307456DC1}
	EndGlobalSection
EndGlobal
